{
  "lockfile_version": "1",
  "packages": {
    "gh@2.69.0": {
      "last_modified": "2025-03-20T07:39:01Z",
      "resolved": "github:NixOS/nixpkgs/7344a3b78128f7b1765dba89060b015fb75431a7#gh",
      "source": "devbox-search",
      "version": "2.69.0",
      "systems": {
        "aarch64-darwin": {
          "outputs": [
            {
              "name": "out",
              "path": "/nix/store/6s2865gwdm3hgcds6a3r3nyqwclj80nx-gh-2.69.0",
              "default": true
            }
          ],
          "store_path": "/nix/store/6s2865gwdm3hgcds6a3r3nyqwclj80nx-gh-2.69.0"
        },
        "aarch64-linux": {
          "outputs": [
            {
              "name": "out",
              "path": "/nix/store/j3p8s8lqhqqc6kg3w8khcgnfh9isf4py-gh-2.69.0",
              "default": true
            }
          ],
          "store_path": "/nix/store/j3p8s8lqhqqc6kg3w8khcgnfh9isf4py-gh-2.69.0"
        },
        "x86_64-darwin": {
          "outputs": [
            {
              "name": "out",
              "path": "/nix/store/1nk3pd01m0mqgssimdzps9c3qvw76yj4-gh-2.69.0",
              "default": true
            }
          ],
          "store_path": "/nix/store/1nk3pd01m0mqgssimdzps9c3qvw76yj4-gh-2.69.0"
        },
        "x86_64-linux": {
          "outputs": [
            {
              "name": "out",
              "path": "/nix/store/31kf4bsi4cwm60p6v2cpfagd2qrvmflr-gh-2.69.0",
              "default": true
            }
          ],
          "store_path": "/nix/store/31kf4bsi4cwm60p6v2cpfagd2qrvmflr-gh-2.69.0"
        }
      }
    },
    "git@2.49.0": {
      "last_modified": "2025-05-06T08:06:31Z",
      "resolved": "github:NixOS/nixpkgs/1cb1c02a6b1b7cf67e3d7731cbbf327a53da9679#git",
      "source": "devbox-search",
      "version": "2.49.0",
      "systems": {
        "aarch64-darwin": {
          "outputs": [
            {
              "name": "out",
              "path": "/nix/store/s5b9rm8fjxggjak0yl2dkxzswfpzl8p8-git-2.49.0",
              "default": true
            },
            {
              "name": "doc",
              "path": "/nix/store/2hygrabh741w0ynwcb6gy2922cx4fnj3-git-2.49.0-doc"
            }
          ],
          "store_path": "/nix/store/s5b9rm8fjxggjak0yl2dkxzswfpzl8p8-git-2.49.0"
        },
        "aarch64-linux": {
          "outputs": [
            {
              "name": "out",
              "path": "/nix/store/rs24n34brzvcmgld6mgfg0dd7ynv26pp-git-2.49.0",
              "default": true
            },
            {
              "name": "debug",
              "path": "/nix/store/wgki5jsxgg6lxqh98jgbj9dnwv7f68cw-git-2.49.0-debug"
            },
            {
              "name": "doc",
              "path": "/nix/store/3h7fnw0qhy92c8iyrv2i64r6wywsnjsa-git-2.49.0-doc"
            }
          ],
          "store_path": "/nix/store/rs24n34brzvcmgld6mgfg0dd7ynv26pp-git-2.49.0"
        },
        "x86_64-darwin": {
          "outputs": [
            {
              "name": "out",
              "path": "/nix/store/0zv7h6mzrxk0sarvis22imr9nmnmqlpg-git-2.49.0",
              "default": true
            },
            {
              "name": "doc",
              "path": "/nix/store/yiy6g5pi9jvp2nzgd4ncfwbhs13nwwz1-git-2.49.0-doc"
            }
          ],
          "store_path": "/nix/store/0zv7h6mzrxk0sarvis22imr9nmnmqlpg-git-2.49.0"
        },
        "x86_64-linux": {
          "outputs": [
            {
              "name": "out",
              "path": "/nix/store/z8z1mhfnvw40dwljqazxv0343sv5ds2g-git-2.49.0",
              "default": true
            },
            {
              "name": "debug",
              "path": "/nix/store/w547h0xwq9489xnqg1ddqlh1v71xvng8-git-2.49.0-debug"
            },
            {
              "name": "doc",
              "path": "/nix/store/rjjf5h1qcwgdxs9w23h6p0bhavgaknyh-git-2.49.0-doc"
            }
          ],
          "store_path": "/nix/store/z8z1mhfnvw40dwljqazxv0343sv5ds2g-git-2.49.0"
        }
      }
    },
    "github:NixOS/nixpkgs/nixpkgs-unstable": {
      "resolved": "github:NixOS/nixpkgs/1128e89fd5e11bb25aedbfc287733c6502202ea9?lastModified=1739451785&narHash=sha256-3ebRdThRic9bHMuNi2IAA%2Fek9b32bsy8F5R4SvGTIog%3D"
    },
    "go-task@3.41.0": {
      "last_modified": "2025-01-19T08:16:51Z",
      "resolved": "github:NixOS/nixpkgs/50165c4f7eb48ce82bd063e1fb8047a0f515f8ce#go-task",
      "source": "devbox-search",
      "version": "3.41.0",
      "systems": {
        "aarch64-darwin": {
          "outputs": [
            {
              "name": "out",
              "path": "/nix/store/v4vvksxrgyxdyhb1hvvap5sqp4ycl7xv-go-task-3.41.0",
              "default": true
            }
          ],
          "store_path": "/nix/store/v4vvksxrgyxdyhb1hvvap5sqp4ycl7xv-go-task-3.41.0"
        },
        "aarch64-linux": {
          "outputs": [
            {
              "name": "out",
              "path": "/nix/store/iq7vnz78z8ff1px700ra1j4iinfsvhjg-go-task-3.41.0",
              "default": true
            }
          ],
          "store_path": "/nix/store/iq7vnz78z8ff1px700ra1j4iinfsvhjg-go-task-3.41.0"
        },
        "x86_64-darwin": {
          "outputs": [
            {
              "name": "out",
              "path": "/nix/store/bf1zwbad0cqwhpcjylynpx18c8ylm6nx-go-task-3.41.0",
              "default": true
            }
          ],
          "store_path": "/nix/store/bf1zwbad0cqwhpcjylynpx18c8ylm6nx-go-task-3.41.0"
        },
        "x86_64-linux": {
          "outputs": [
            {
              "name": "out",
              "path": "/nix/store/cbz45j0wbsp929rd8381ifbiqxy7jp71-go-task-3.41.0",
              "default": true
            }
          ],
          "store_path": "/nix/store/cbz45j0wbsp929rd8381ifbiqxy7jp71-go-task-3.41.0"
        }
      }
    },
    "kcl-cli@0.8.9": {
      "last_modified": "2024-06-12T20:55:33Z",
      "resolved": "github:NixOS/nixpkgs/a9858885e197f984d92d7fe64e9fff6b2e488d40#kcl-cli",
      "source": "devbox-search",
      "version": "0.8.9",
      "systems": {
        "aarch64-darwin": {
          "outputs": [
            {
              "name": "out",
              "path": "/nix/store/ry8c4a6x9nbbsmaj2lj1irlgmcs7smdl-kcl-cli-0.8.9",
              "default": true
            }
          ],
          "store_path": "/nix/store/ry8c4a6x9nbbsmaj2lj1irlgmcs7smdl-kcl-cli-0.8.9"
        },
        "aarch64-linux": {
          "outputs": [
            {
              "name": "out",
              "path": "/nix/store/58ifnm27y99m1w0rgpzmhrbcmxndk523-kcl-cli-0.8.9",
              "default": true
            }
          ],
          "store_path": "/nix/store/58ifnm27y99m1w0rgpzmhrbcmxndk523-kcl-cli-0.8.9"
        },
        "x86_64-darwin": {
          "outputs": [
            {
              "name": "out",
              "path": "/nix/store/2pkcszc6208v05wl3q3l00mkv4am7v2l-kcl-cli-0.8.9",
              "default": true
            }
          ],
          "store_path": "/nix/store/2pkcszc6208v05wl3q3l00mkv4am7v2l-kcl-cli-0.8.9"
        },
        "x86_64-linux": {
          "outputs": [
            {
              "name": "out",
              "path": "/nix/store/dvj111276zx6mimvcpfars11gwq071nl-kcl-cli-0.8.9",
              "default": true
            }
          ],
          "store_path": "/nix/store/dvj111276zx6mimvcpfars11gwq071nl-kcl-cli-0.8.9"
        }
      }
    },
    "kind@0.27.0": {
      "last_modified": "2025-02-17T23:19:04Z",
      "resolved": "github:NixOS/nixpkgs/f0295845e58ada369322524631821b01c0db13a7#kind",
      "source": "devbox-search",
      "version": "0.27.0",
      "systems": {
        "aarch64-darwin": {
          "outputs": [
            {
              "name": "out",
              "path": "/nix/store/fmh9mwr6mv8lpks10csrl97gm3rh0jh2-kind-0.27.0",
              "default": true
            }
          ],
          "store_path": "/nix/store/fmh9mwr6mv8lpks10csrl97gm3rh0jh2-kind-0.27.0"
        },
        "aarch64-linux": {
          "outputs": [
            {
              "name": "out",
              "path": "/nix/store/i1jrn83fzdm2xr9wcn79jygisq3qaakw-kind-0.27.0",
              "default": true
            }
          ],
          "store_path": "/nix/store/i1jrn83fzdm2xr9wcn79jygisq3qaakw-kind-0.27.0"
        },
        "x86_64-darwin": {
          "outputs": [
            {
              "name": "out",
              "path": "/nix/store/qi782468mbssz4nvb13p258as6dc1ymp-kind-0.27.0",
              "default": true
            }
          ],
          "store_path": "/nix/store/qi782468mbssz4nvb13p258as6dc1ymp-kind-0.27.0"
        },
        "x86_64-linux": {
          "outputs": [
            {
              "name": "out",
              "path": "/nix/store/9vbbi6g46px48k0kq1gpz069a9aw4fmz-kind-0.27.0",
              "default": true
            }
          ],
          "store_path": "/nix/store/9vbbi6g46px48k0kq1gpz069a9aw4fmz-kind-0.27.0"
        }
      }
    },
    "kubectl-tree@0.4.3": {
      "last_modified": "2025-03-11T17:52:14Z",
      "resolved": "github:NixOS/nixpkgs/0d534853a55b5d02a4ababa1d71921ce8f0aee4c#kubectl-tree",
      "source": "devbox-search",
      "version": "0.4.3",
      "systems": {
        "aarch64-darwin": {
          "outputs": [
            {
              "name": "out",
              "path": "/nix/store/7d5i8mm44wc7zmabjxrjgiw0l12qnnlz-kubectl-tree-0.4.3",
              "default": true
            }
          ],
          "store_path": "/nix/store/7d5i8mm44wc7zmabjxrjgiw0l12qnnlz-kubectl-tree-0.4.3"
        },
        "aarch64-linux": {
          "outputs": [
            {
              "name": "out",
              "path": "/nix/store/dqhbnynjsqxfmwwq4jb25q3jlfmimqcj-kubectl-tree-0.4.3",
              "default": true
            }
          ],
          "store_path": "/nix/store/dqhbnynjsqxfmwwq4jb25q3jlfmimqcj-kubectl-tree-0.4.3"
        },
        "x86_64-darwin": {
          "outputs": [
            {
              "name": "out",
              "path": "/nix/store/35cl03q2arjnsq4s7g51irsnadxms0ss-kubectl-tree-0.4.3",
              "default": true
            }
          ],
          "store_path": "/nix/store/35cl03q2arjnsq4s7g51irsnadxms0ss-kubectl-tree-0.4.3"
        },
        "x86_64-linux": {
          "outputs": [
            {
              "name": "out",
              "path": "/nix/store/m0pbc6gw4zdxg8cnwyiylfz21ijkbqwr-kubectl-tree-0.4.3",
              "default": true
            }
          ],
          "store_path": "/nix/store/m0pbc6gw4zdxg8cnwyiylfz21ijkbqwr-kubectl-tree-0.4.3"
        }
      }
    },
    "kubectl@1.32.3": {
      "last_modified": "2025-03-22T01:19:59Z",
      "resolved": "github:NixOS/nixpkgs/0740f6f238767d4caf9afe774d3e88105766dfc6#kubectl",
      "source": "devbox-search",
      "version": "1.32.3",
      "systems": {
        "aarch64-darwin": {
          "outputs": [
            {
              "name": "out",
              "path": "/nix/store/7b2rpxkv6v4a29bk9dp4gqs57zhf9v9p-kubectl-1.32.3",
              "default": true
            },
            {
              "name": "man",
              "path": "/nix/store/rm3753bbn2kxmwyxy7rir8z80g71lrrx-kubectl-1.32.3-man",
              "default": true
            },
            {
              "name": "convert",
              "path": "/nix/store/fi6g9qi63p7ivvz3qsipfaxmym7qi623-kubectl-1.32.3-convert"
            }
          ],
          "store_path": "/nix/store/7b2rpxkv6v4a29bk9dp4gqs57zhf9v9p-kubectl-1.32.3"
        },
        "aarch64-linux": {
          "outputs": [
            {
              "name": "out",
              "path": "/nix/store/xxngczzyxq22m1i8pc9a57w16kzir33f-kubectl-1.32.3",
              "default": true
            },
            {
              "name": "man",
              "path": "/nix/store/n547iajzrqypmy89s5j2iyrdjn56fd5v-kubectl-1.32.3-man",
              "default": true
            },
            {
              "name": "convert",
              "path": "/nix/store/0frwvbmd2zxx2n1s7vw15cbdj7iw95js-kubectl-1.32.3-convert"
            }
          ],
          "store_path": "/nix/store/xxngczzyxq22m1i8pc9a57w16kzir33f-kubectl-1.32.3"
        },
        "x86_64-darwin": {
          "outputs": [
            {
              "name": "out",
              "path": "/nix/store/95lpgw52n8x18ams6bz9nm68sml870rs-kubectl-1.32.3",
              "default": true
            },
            {
              "name": "man",
              "path": "/nix/store/3ilj3sca004bmzi0kp2lwihbqb2j2j2l-kubectl-1.32.3-man",
              "default": true
            },
            {
              "name": "convert",
              "path": "/nix/store/k2wr9b02pgyj7r5fz959vxys2w3s4j5v-kubectl-1.32.3-convert"
            }
          ],
          "store_path": "/nix/store/95lpgw52n8x18ams6bz9nm68sml870rs-kubectl-1.32.3"
        },
        "x86_64-linux": {
          "outputs": [
            {
              "name": "out",
              "path": "/nix/store/fjcd0hsivc5h56ndpg357i3rwvygxr7i-kubectl-1.32.3",
              "default": true
            },
            {
              "name": "man",
              "path": "/nix/store/ly41y2ja108cp9jpqc77s2sayvbahliw-kubectl-1.32.3-man",
              "default": true
            },
            {
              "name": "convert",
              "path": "/nix/store/1ph5mjp12w3snxc2clc24akc5mwlzb47-kubectl-1.32.3-convert"
            }
          ],
          "store_path": "/nix/store/fjcd0hsivc5h56ndpg357i3rwvygxr7i-kubectl-1.32.3"
        }
      }
    },
    "kubernetes-helm@3.17.3": {
      "last_modified": "2025-04-10T20:20:34Z",
      "resolved": "github:NixOS/nixpkgs/d19cf9dfc633816a437204555afeb9e722386b76#kubernetes-helm",
      "source": "devbox-search",
      "version": "3.17.3",
      "systems": {
        "aarch64-darwin": {
          "outputs": [
            {
              "name": "out",
              "path": "/nix/store/4dmgpl8ldac8i190r5blsi6f95nb8sb8-kubernetes-helm-3.17.3",
              "default": true
            }
          ],
          "store_path": "/nix/store/4dmgpl8ldac8i190r5blsi6f95nb8sb8-kubernetes-helm-3.17.3"
        },
        "aarch64-linux": {
          "outputs": [
            {
              "name": "out",
              "path": "/nix/store/hzmprxfipk2l3yb6455n849ks4gypl9g-kubernetes-helm-3.17.3",
              "default": true
            }
          ],
          "store_path": "/nix/store/hzmprxfipk2l3yb6455n849ks4gypl9g-kubernetes-helm-3.17.3"
        },
        "x86_64-darwin": {
          "outputs": [
            {
              "name": "out",
              "path": "/nix/store/0nx384vvzwwwbrk5vqvsy1wzcravxn7j-kubernetes-helm-3.17.3",
              "default": true
            }
          ],
          "store_path": "/nix/store/0nx384vvzwwwbrk5vqvsy1wzcravxn7j-kubernetes-helm-3.17.3"
        },
        "x86_64-linux": {
          "outputs": [
            {
              "name": "out",
              "path": "/nix/store/4gz844q6xmiklm4416vzzr4h7sw8ajf9-kubernetes-helm-3.17.3",
              "default": true
            }
          ],
          "store_path": "/nix/store/4gz844q6xmiklm4416vzzr4h7sw8ajf9-kubernetes-helm-3.17.3"
        }
      }
    },
    "kyverno-chainsaw@0.2.12": {
      "last_modified": "2025-01-19T08:16:51Z",
      "resolved": "github:NixOS/nixpkgs/50165c4f7eb48ce82bd063e1fb8047a0f515f8ce#kyverno-chainsaw",
      "source": "devbox-search",
      "version": "0.2.12",
      "systems": {
        "aarch64-darwin": {
          "outputs": [
            {
              "name": "out",
              "path": "/nix/store/v1vh5z91ypsyyb0abh5rqxd5hidhyj0f-kyverno-chainsaw-0.2.12",
              "default": true
            }
          ],
          "store_path": "/nix/store/v1vh5z91ypsyyb0abh5rqxd5hidhyj0f-kyverno-chainsaw-0.2.12"
        },
        "aarch64-linux": {
          "outputs": [
            {
              "name": "out",
              "path": "/nix/store/8jmh6faqwbx5g2wyj8czvl5n14gfpxx9-kyverno-chainsaw-0.2.12",
              "default": true
            }
          ],
          "store_path": "/nix/store/8jmh6faqwbx5g2wyj8czvl5n14gfpxx9-kyverno-chainsaw-0.2.12"
        },
        "x86_64-darwin": {
          "outputs": [
            {
              "name": "out",
              "path": "/nix/store/mfi7c8ky8kwy1pj37hpamkwr2m6px461-kyverno-chainsaw-0.2.12",
              "default": true
            }
          ],
          "store_path": "/nix/store/mfi7c8ky8kwy1pj37hpamkwr2m6px461-kyverno-chainsaw-0.2.12"
        },
        "x86_64-linux": {
          "outputs": [
            {
              "name": "out",
              "path": "/nix/store/q9znv398daff24b5hr7x5qgx9iyf6ip8-kyverno-chainsaw-0.2.12",
              "default": true
            }
          ],
          "store_path": "/nix/store/q9znv398daff24b5hr7x5qgx9iyf6ip8-kyverno-chainsaw-0.2.12"
        }
      }
    },
    "nushell@0.103.0": {
      "last_modified": "2025-03-23T05:31:05Z",
      "resolved": "github:NixOS/nixpkgs/dd613136ee91f67e5dba3f3f41ac99ae89c5406b#nushell",
      "source": "devbox-search",
      "version": "0.103.0",
      "systems": {
        "aarch64-darwin": {
          "outputs": [
            {
              "name": "out",
              "path": "/nix/store/7dcvklmwwvfjzqgak8ziv104lsff0cfv-nushell-0.103.0",
              "default": true
            }
          ],
          "store_path": "/nix/store/7dcvklmwwvfjzqgak8ziv104lsff0cfv-nushell-0.103.0"
        },
        "aarch64-linux": {
          "outputs": [
            {
              "name": "out",
              "path": "/nix/store/5apwqfpy0nkblh6bqvnyg40yhhvvx1y1-nushell-0.103.0",
              "default": true
            }
          ],
          "store_path": "/nix/store/5apwqfpy0nkblh6bqvnyg40yhhvvx1y1-nushell-0.103.0"
        },
        "x86_64-darwin": {
          "outputs": [
            {
              "name": "out",
              "path": "/nix/store/i4w79bzcxqcjv8qjb91s24sa7xwvalq8-nushell-0.103.0",
              "default": true
            }
          ],
          "store_path": "/nix/store/i4w79bzcxqcjv8qjb91s24sa7xwvalq8-nushell-0.103.0"
        },
        "x86_64-linux": {
          "outputs": [
            {
              "name": "out",
              "path": "/nix/store/wp7rmayh32cy2ypr6ya21b7g2dqpcqw2-nushell-0.103.0",
              "default": true
            }
          ],
          "store_path": "/nix/store/wp7rmayh32cy2ypr6ya21b7g2dqpcqw2-nushell-0.103.0"
        }
      }
    },
    "teller@2.0.7": {
      "last_modified": "2024-11-16T04:25:12Z",
      "resolved": "github:NixOS/nixpkgs/34a626458d686f1b58139620a8b2793e9e123bba#teller",
      "source": "devbox-search",
      "version": "2.0.7",
      "systems": {
        "aarch64-darwin": {
          "outputs": [
            {
              "name": "out",
              "path": "/nix/store/362vqnhbc0x56ly10j1wxvic0xicv0lr-teller-2.0.7",
              "default": true
            }
          ],
          "store_path": "/nix/store/362vqnhbc0x56ly10j1wxvic0xicv0lr-teller-2.0.7"
        },
        "aarch64-linux": {
          "outputs": [
            {
              "name": "out",
              "path": "/nix/store/wrsh6xgn25b4qq4la4xikrdpqlx04xhn-teller-2.0.7",
              "default": true
            }
          ],
          "store_path": "/nix/store/wrsh6xgn25b4qq4la4xikrdpqlx04xhn-teller-2.0.7"
        },
        "x86_64-darwin": {
          "outputs": [
            {
              "name": "out",
              "path": "/nix/store/cbhghh4a8r2y4j51f470kh660jwypf0i-teller-2.0.7",
              "default": true
            }
          ],
          "store_path": "/nix/store/cbhghh4a8r2y4j51f470kh660jwypf0i-teller-2.0.7"
        },
        "x86_64-linux": {
          "outputs": [
            {
              "name": "out",
              "path": "/nix/store/mzb9i6n7gjb0j8y8fviykfnv0hs9hin3-teller-2.0.7",
              "default": true
            }
          ],
          "store_path": "/nix/store/mzb9i6n7gjb0j8y8fviykfnv0hs9hin3-teller-2.0.7"
        }
      }
    },
    "upbound@0.38.4": {
      "last_modified": "2025-03-27T11:50:31Z",
      "resolved": "github:NixOS/nixpkgs/6c5963357f3c1c840201eda129a99d455074db04#upbound",
      "source": "devbox-search",
      "version": "0.38.4",
      "systems": {
        "aarch64-darwin": {
          "outputs": [
            {
              "name": "out",
              "path": "/nix/store/cy0p7dlisi6q932di339brziwhyxxzv6-upbound-0.38.4",
              "default": true
            }
          ],
          "store_path": "/nix/store/cy0p7dlisi6q932di339brziwhyxxzv6-upbound-0.38.4"
        },
        "aarch64-linux": {
          "outputs": [
            {
              "name": "out",
              "path": "/nix/store/cwnjrkwincchyq5n0235hca79fgw90ry-upbound-0.38.4",
              "default": true
            }
          ],
          "store_path": "/nix/store/cwnjrkwincchyq5n0235hca79fgw90ry-upbound-0.38.4"
        },
        "x86_64-darwin": {
          "outputs": [
            {
              "name": "out",
              "path": "/nix/store/3r3rxyc8117glr0r5pz6lqn7wq025mrp-upbound-0.38.4",
              "default": true
            }
          ],
          "store_path": "/nix/store/3r3rxyc8117glr0r5pz6lqn7wq025mrp-upbound-0.38.4"
        },
        "x86_64-linux": {
          "outputs": [
            {
              "name": "out",
              "path": "/nix/store/mr9w1rm8hn78jww1l2sk6m9gndss9q1a-upbound-0.38.4",
              "default": true
            }
          ],
          "store_path": "/nix/store/mr9w1rm8hn78jww1l2sk6m9gndss9q1a-upbound-0.38.4"
        }
      }
    },
    "yq-go@4.45.1": {
      "last_modified": "2025-01-19T08:16:51Z",
      "resolved": "github:NixOS/nixpkgs/50165c4f7eb48ce82bd063e1fb8047a0f515f8ce#yq-go",
      "source": "devbox-search",
      "version": "4.45.1",
      "systems": {
        "aarch64-darwin": {
          "outputs": [
            {
              "name": "out",
              "path": "/nix/store/2g34102lnfgsr7n2g2fm11r945lxmxgx-yq-go-4.45.1",
              "default": true
            }
          ],
          "store_path": "/nix/store/2g34102lnfgsr7n2g2fm11r945lxmxgx-yq-go-4.45.1"
        },
        "aarch64-linux": {
          "outputs": [
            {
              "name": "out",
              "path": "/nix/store/nsl4sm3zc4hl16l8zvcrnpw0kqkp21xh-yq-go-4.45.1",
              "default": true
            }
          ],
          "store_path": "/nix/store/nsl4sm3zc4hl16l8zvcrnpw0kqkp21xh-yq-go-4.45.1"
        },
        "x86_64-darwin": {
          "outputs": [
            {
              "name": "out",
              "path": "/nix/store/5v8g3w5ggravlps5qw49scidhk15dxgq-yq-go-4.45.1",
              "default": true
            }
          ],
          "store_path": "/nix/store/5v8g3w5ggravlps5qw49scidhk15dxgq-yq-go-4.45.1"
        },
        "x86_64-linux": {
          "outputs": [
            {
              "name": "out",
              "path": "/nix/store/0zcjg419anbc1g2ccry71k14wi4j8nsp-yq-go-4.45.1",
              "default": true
            }
          ],
          "store_path": "/nix/store/0zcjg419anbc1g2ccry71k14wi4j8nsp-yq-go-4.45.1"
        }
      }
    }
  }
}
