{
  "lockfile_version": "1",
  "packages": {
    "gh@2.76.1": {
      "last_modified": "2025-07-24T15:00:16Z",
      "resolved": "github:NixOS/nixpkgs/b74a30dbc0a72e20df07d43109339f780b439291#gh",
      "source": "devbox-search",
      "version": "2.76.1",
      "systems": {
        "aarch64-darwin": {
          "outputs": [
            {
              "name": "out",
              "path": "/nix/store/1rk4zapq51hwrx1shzd059aha1n8rpys-gh-2.76.1",
              "default": true
            }
          ],
          "store_path": "/nix/store/1rk4zapq51hwrx1shzd059aha1n8rpys-gh-2.76.1"
        },
        "aarch64-linux": {
          "outputs": [
            {
              "name": "out",
              "path": "/nix/store/wnbz91jxavdyrql8gn4lccl236p49684-gh-2.76.1",
              "default": true
            }
          ],
          "store_path": "/nix/store/wnbz91jxavdyrql8gn4lccl236p49684-gh-2.76.1"
        },
        "x86_64-darwin": {
          "outputs": [
            {
              "name": "out",
              "path": "/nix/store/vs7c36g9bz9wqkpy8lf48c1c2r2d9d7c-gh-2.76.1",
              "default": true
            }
          ],
          "store_path": "/nix/store/vs7c36g9bz9wqkpy8lf48c1c2r2d9d7c-gh-2.76.1"
        },
        "x86_64-linux": {
          "outputs": [
            {
              "name": "out",
              "path": "/nix/store/sv3yv54i9wn5xmi3ppvdsq6xx4iv4axa-gh-2.76.1",
              "default": true
            }
          ],
          "store_path": "/nix/store/sv3yv54i9wn5xmi3ppvdsq6xx4iv4axa-gh-2.76.1"
        }
      }
    },
    "git@2.50.1": {
      "last_modified": "2025-08-05T11:35:34Z",
      "resolved": "github:NixOS/nixpkgs/a683adc19ff5228af548c6539dbc3440509bfed3#git",
      "source": "devbox-search",
      "version": "2.50.1",
      "systems": {
        "aarch64-darwin": {
          "outputs": [
            {
              "name": "out",
              "path": "/nix/store/jn9byxgdjndngf0d2by0djg8gcdll7xc-git-2.50.1",
              "default": true
            },
            {
              "name": "doc",
              "path": "/nix/store/j8djmq64ckbah7bl6jv1y6arrjr0shmv-git-2.50.1-doc"
            }
          ],
          "store_path": "/nix/store/jn9byxgdjndngf0d2by0djg8gcdll7xc-git-2.50.1"
        },
        "aarch64-linux": {
          "outputs": [
            {
              "name": "out",
              "path": "/nix/store/h4pvvix6pvnvys9a6y1xj2442r1ajdhl-git-2.50.1",
              "default": true
            },
            {
              "name": "debug",
              "path": "/nix/store/rpxnrnsn4nbx8wm9d2vrgj0fr5xzz5lg-git-2.50.1-debug"
            },
            {
              "name": "doc",
              "path": "/nix/store/q8sicpx16gyzxnp3345a46lj4cz9wd09-git-2.50.1-doc"
            }
          ],
          "store_path": "/nix/store/h4pvvix6pvnvys9a6y1xj2442r1ajdhl-git-2.50.1"
        },
        "x86_64-darwin": {
          "outputs": [
            {
              "name": "out",
              "path": "/nix/store/8d1n8cvi5x1j0v61459lvhqs26vmcqbl-git-2.50.1",
              "default": true
            },
            {
              "name": "doc",
              "path": "/nix/store/yn9cvbs7jz4dfdb17qralgr0ybi5rmjf-git-2.50.1-doc"
            }
          ],
          "store_path": "/nix/store/8d1n8cvi5x1j0v61459lvhqs26vmcqbl-git-2.50.1"
        },
        "x86_64-linux": {
          "outputs": [
            {
              "name": "out",
              "path": "/nix/store/5i8zvall945kypmwgqd0y47f02pldwp4-git-2.50.1",
              "default": true
            },
            {
              "name": "doc",
              "path": "/nix/store/d2lhlzkdziwmijik8nszfwp8srbkskb9-git-2.50.1-doc"
            },
            {
              "name": "debug",
              "path": "/nix/store/l46kpjpcwwp8l7kzzr1s2dlk646r73z2-git-2.50.1-debug"
            }
          ],
          "store_path": "/nix/store/5i8zvall945kypmwgqd0y47f02pldwp4-git-2.50.1"
        }
      }
    },
    "github:NixOS/nixpkgs/nixpkgs-unstable": {
      "resolved": "github:NixOS/nixpkgs/1128e89fd5e11bb25aedbfc287733c6502202ea9?lastModified=1739451785&narHash=sha256-3ebRdThRic9bHMuNi2IAA%2Fek9b32bsy8F5R4SvGTIog%3D"
    },
    "go-task@3.44.0": {
      "last_modified": "2025-06-25T00:36:27Z",
      "resolved": "github:NixOS/nixpkgs/992f916556fcfaa94451ebc7fc6e396134bbf5b1#go-task",
      "source": "devbox-search",
      "version": "3.44.0",
      "systems": {
        "aarch64-darwin": {
          "outputs": [
            {
              "name": "out",
              "path": "/nix/store/0g5ypvwzy9p11rn8jf42lbba97g1zihi-go-task-3.44.0",
              "default": true
            }
          ],
          "store_path": "/nix/store/0g5ypvwzy9p11rn8jf42lbba97g1zihi-go-task-3.44.0"
        },
        "aarch64-linux": {
          "outputs": [
            {
              "name": "out",
              "path": "/nix/store/wzdbbx5shgywf77k8vfkwb13q22s6f02-go-task-3.44.0",
              "default": true
            }
          ],
          "store_path": "/nix/store/wzdbbx5shgywf77k8vfkwb13q22s6f02-go-task-3.44.0"
        },
        "x86_64-darwin": {
          "outputs": [
            {
              "name": "out",
              "path": "/nix/store/4rglfyhmw6rl30ilbgssfsl87l9z2s5b-go-task-3.44.0",
              "default": true
            }
          ],
          "store_path": "/nix/store/4rglfyhmw6rl30ilbgssfsl87l9z2s5b-go-task-3.44.0"
        },
        "x86_64-linux": {
          "outputs": [
            {
              "name": "out",
              "path": "/nix/store/4r045p9bjv0c11sw72xnf2kdh3irlzff-go-task-3.44.0",
              "default": true
            }
          ],
          "store_path": "/nix/store/4r045p9bjv0c11sw72xnf2kdh3irlzff-go-task-3.44.0"
        }
      }
    },
    "kcl-cli@0.8.9": {
      "last_modified": "2024-06-12T20:55:33Z",
      "resolved": "github:NixOS/nixpkgs/a9858885e197f984d92d7fe64e9fff6b2e488d40#kcl-cli",
      "source": "devbox-search",
      "version": "0.8.9",
      "systems": {
        "aarch64-darwin": {
          "outputs": [
            {
              "name": "out",
              "path": "/nix/store/ry8c4a6x9nbbsmaj2lj1irlgmcs7smdl-kcl-cli-0.8.9",
              "default": true
            }
          ],
          "store_path": "/nix/store/ry8c4a6x9nbbsmaj2lj1irlgmcs7smdl-kcl-cli-0.8.9"
        },
        "aarch64-linux": {
          "outputs": [
            {
              "name": "out",
              "path": "/nix/store/58ifnm27y99m1w0rgpzmhrbcmxndk523-kcl-cli-0.8.9",
              "default": true
            }
          ],
          "store_path": "/nix/store/58ifnm27y99m1w0rgpzmhrbcmxndk523-kcl-cli-0.8.9"
        },
        "x86_64-darwin": {
          "outputs": [
            {
              "name": "out",
              "path": "/nix/store/2pkcszc6208v05wl3q3l00mkv4am7v2l-kcl-cli-0.8.9",
              "default": true
            }
          ],
          "store_path": "/nix/store/2pkcszc6208v05wl3q3l00mkv4am7v2l-kcl-cli-0.8.9"
        },
        "x86_64-linux": {
          "outputs": [
            {
              "name": "out",
              "path": "/nix/store/dvj111276zx6mimvcpfars11gwq071nl-kcl-cli-0.8.9",
              "default": true
            }
          ],
          "store_path": "/nix/store/dvj111276zx6mimvcpfars11gwq071nl-kcl-cli-0.8.9"
        }
      }
    },
    "kind@0.29.0": {
      "last_modified": "2025-06-12T07:29:08Z",
      "resolved": "github:NixOS/nixpkgs/d202f48f1249f013aa2660c6733e251c85712cbe#kind",
      "source": "devbox-search",
      "version": "0.29.0",
      "systems": {
        "aarch64-darwin": {
          "outputs": [
            {
              "name": "out",
              "path": "/nix/store/81jc2zsdv4zhdniyyggpxm56lpl88cxb-kind-0.29.0",
              "default": true
            }
          ],
          "store_path": "/nix/store/81jc2zsdv4zhdniyyggpxm56lpl88cxb-kind-0.29.0"
        },
        "aarch64-linux": {
          "outputs": [
            {
              "name": "out",
              "path": "/nix/store/dwzvvmcignd20dg6kgizzn71vkj9la91-kind-0.29.0",
              "default": true
            }
          ],
          "store_path": "/nix/store/dwzvvmcignd20dg6kgizzn71vkj9la91-kind-0.29.0"
        },
        "x86_64-darwin": {
          "outputs": [
            {
              "name": "out",
              "path": "/nix/store/shydfb0h27gbdrmwhjbfg354xc22vxg2-kind-0.29.0",
              "default": true
            }
          ],
          "store_path": "/nix/store/shydfb0h27gbdrmwhjbfg354xc22vxg2-kind-0.29.0"
        },
        "x86_64-linux": {
          "outputs": [
            {
              "name": "out",
              "path": "/nix/store/52vfnn1wcqn3d5jzrqvcd6yzp3i1gw2m-kind-0.29.0",
              "default": true
            }
          ],
          "store_path": "/nix/store/52vfnn1wcqn3d5jzrqvcd6yzp3i1gw2m-kind-0.29.0"
        }
      }
    },
    "kubectl-tree@0.4.3": {
      "last_modified": "2025-03-11T17:52:14Z",
      "resolved": "github:NixOS/nixpkgs/0d534853a55b5d02a4ababa1d71921ce8f0aee4c#kubectl-tree",
      "source": "devbox-search",
      "version": "0.4.3",
      "systems": {
        "aarch64-darwin": {
          "outputs": [
            {
              "name": "out",
              "path": "/nix/store/7d5i8mm44wc7zmabjxrjgiw0l12qnnlz-kubectl-tree-0.4.3",
              "default": true
            }
          ],
          "store_path": "/nix/store/7d5i8mm44wc7zmabjxrjgiw0l12qnnlz-kubectl-tree-0.4.3"
        },
        "aarch64-linux": {
          "outputs": [
            {
              "name": "out",
              "path": "/nix/store/dqhbnynjsqxfmwwq4jb25q3jlfmimqcj-kubectl-tree-0.4.3",
              "default": true
            }
          ],
          "store_path": "/nix/store/dqhbnynjsqxfmwwq4jb25q3jlfmimqcj-kubectl-tree-0.4.3"
        },
        "x86_64-darwin": {
          "outputs": [
            {
              "name": "out",
              "path": "/nix/store/35cl03q2arjnsq4s7g51irsnadxms0ss-kubectl-tree-0.4.3",
              "default": true
            }
          ],
          "store_path": "/nix/store/35cl03q2arjnsq4s7g51irsnadxms0ss-kubectl-tree-0.4.3"
        },
        "x86_64-linux": {
          "outputs": [
            {
              "name": "out",
              "path": "/nix/store/m0pbc6gw4zdxg8cnwyiylfz21ijkbqwr-kubectl-tree-0.4.3",
              "default": true
            }
          ],
          "store_path": "/nix/store/m0pbc6gw4zdxg8cnwyiylfz21ijkbqwr-kubectl-tree-0.4.3"
        }
      }
    },
    "kubectl@1.33.3": {
      "last_modified": "2025-07-24T15:00:16Z",
      "resolved": "github:NixOS/nixpkgs/b74a30dbc0a72e20df07d43109339f780b439291#kubectl",
      "source": "devbox-search",
      "version": "1.33.3",
      "systems": {
        "aarch64-darwin": {
          "outputs": [
            {
              "name": "out",
              "path": "/nix/store/m1fvpyk9mw3fp23wqlxihh6w0r4fhkmd-kubectl-1.33.3",
              "default": true
            },
            {
              "name": "man",
              "path": "/nix/store/w2bqn3a6vaj45qxja5c8gmbc99a8wkir-kubectl-1.33.3-man",
              "default": true
            },
            {
              "name": "convert",
              "path": "/nix/store/yignn45z556cckx8aldc9c4n5g2a884v-kubectl-1.33.3-convert"
            }
          ],
          "store_path": "/nix/store/m1fvpyk9mw3fp23wqlxihh6w0r4fhkmd-kubectl-1.33.3"
        },
        "aarch64-linux": {
          "outputs": [
            {
              "name": "out",
              "path": "/nix/store/5ddd4yyckqy2q46qbj96yw852f392sww-kubectl-1.33.3",
              "default": true
            },
            {
              "name": "man",
              "path": "/nix/store/rj9cbximfac01n3pyaiql1yscnnjgg1z-kubectl-1.33.3-man",
              "default": true
            },
            {
              "name": "convert",
              "path": "/nix/store/m4ignprpqqxm4lybn031058z3wqiq4j5-kubectl-1.33.3-convert"
            }
          ],
          "store_path": "/nix/store/5ddd4yyckqy2q46qbj96yw852f392sww-kubectl-1.33.3"
        },
        "x86_64-darwin": {
          "outputs": [
            {
              "name": "out",
              "path": "/nix/store/rabhlqv7mw9ffcjcqrs1jvga36hkvpck-kubectl-1.33.3",
              "default": true
            },
            {
              "name": "man",
              "path": "/nix/store/fmgpj9i1yvxnmq6snjhir22wp38kzzcl-kubectl-1.33.3-man",
              "default": true
            },
            {
              "name": "convert",
              "path": "/nix/store/b858yc4m20pmai391qzcn2frmjzq7m79-kubectl-1.33.3-convert"
            }
          ],
          "store_path": "/nix/store/rabhlqv7mw9ffcjcqrs1jvga36hkvpck-kubectl-1.33.3"
        },
        "x86_64-linux": {
          "outputs": [
            {
              "name": "out",
              "path": "/nix/store/54khy589jd9ishmn4m8mn25hjizn281r-kubectl-1.33.3",
              "default": true
            },
            {
              "name": "man",
              "path": "/nix/store/nmp3jif091rnknyqyrpfyigdsb08sb18-kubectl-1.33.3-man",
              "default": true
            },
            {
              "name": "convert",
              "path": "/nix/store/6jjapcx8pp0axqylg2scc36hdzhl7fz1-kubectl-1.33.3-convert"
            }
          ],
          "store_path": "/nix/store/54khy589jd9ishmn4m8mn25hjizn281r-kubectl-1.33.3"
        }
      }
    },
    "kubernetes-helm@3.18.4": {
      "last_modified": "2025-07-09T16:14:05Z",
      "resolved": "github:NixOS/nixpkgs/be9e214982e20b8310878ac2baa063a961c1bdf6#kubernetes-helm",
      "source": "devbox-search",
      "version": "3.18.4",
      "systems": {
        "aarch64-darwin": {
          "outputs": [
            {
              "name": "out",
              "path": "/nix/store/zhqxq2ay7rkg69334i35h6db91lh6av6-kubernetes-helm-3.18.4",
              "default": true
            }
          ],
          "store_path": "/nix/store/zhqxq2ay7rkg69334i35h6db91lh6av6-kubernetes-helm-3.18.4"
        },
        "aarch64-linux": {
          "outputs": [
            {
              "name": "out",
              "path": "/nix/store/jbq5k7wk4jmc93i70pn6mvpcr26cv3q3-kubernetes-helm-3.18.4",
              "default": true
            }
          ],
          "store_path": "/nix/store/jbq5k7wk4jmc93i70pn6mvpcr26cv3q3-kubernetes-helm-3.18.4"
        },
        "x86_64-darwin": {
          "outputs": [
            {
              "name": "out",
              "path": "/nix/store/s462z4xn3x4sih6h6bqhrxm28al0z2zi-kubernetes-helm-3.18.4",
              "default": true
            }
          ],
          "store_path": "/nix/store/s462z4xn3x4sih6h6bqhrxm28al0z2zi-kubernetes-helm-3.18.4"
        },
        "x86_64-linux": {
          "outputs": [
            {
              "name": "out",
              "path": "/nix/store/sw9fbw43s72yi85ssgdicsqcizj9f288-kubernetes-helm-3.18.4",
              "default": true
            }
          ],
          "store_path": "/nix/store/sw9fbw43s72yi85ssgdicsqcizj9f288-kubernetes-helm-3.18.4"
        }
      }
    },
    "kyverno-chainsaw@0.2.12": {
      "last_modified": "2025-01-19T08:16:51Z",
      "resolved": "github:NixOS/nixpkgs/50165c4f7eb48ce82bd063e1fb8047a0f515f8ce#kyverno-chainsaw",
      "source": "devbox-search",
      "version": "0.2.12",
      "systems": {
        "aarch64-darwin": {
          "outputs": [
            {
              "name": "out",
              "path": "/nix/store/v1vh5z91ypsyyb0abh5rqxd5hidhyj0f-kyverno-chainsaw-0.2.12",
              "default": true
            }
          ],
          "store_path": "/nix/store/v1vh5z91ypsyyb0abh5rqxd5hidhyj0f-kyverno-chainsaw-0.2.12"
        },
        "aarch64-linux": {
          "outputs": [
            {
              "name": "out",
              "path": "/nix/store/8jmh6faqwbx5g2wyj8czvl5n14gfpxx9-kyverno-chainsaw-0.2.12",
              "default": true
            }
          ],
          "store_path": "/nix/store/8jmh6faqwbx5g2wyj8czvl5n14gfpxx9-kyverno-chainsaw-0.2.12"
        },
        "x86_64-darwin": {
          "outputs": [
            {
              "name": "out",
              "path": "/nix/store/mfi7c8ky8kwy1pj37hpamkwr2m6px461-kyverno-chainsaw-0.2.12",
              "default": true
            }
          ],
          "store_path": "/nix/store/mfi7c8ky8kwy1pj37hpamkwr2m6px461-kyverno-chainsaw-0.2.12"
        },
        "x86_64-linux": {
          "outputs": [
            {
              "name": "out",
              "path": "/nix/store/q9znv398daff24b5hr7x5qgx9iyf6ip8-kyverno-chainsaw-0.2.12",
              "default": true
            }
          ],
          "store_path": "/nix/store/q9znv398daff24b5hr7x5qgx9iyf6ip8-kyverno-chainsaw-0.2.12"
        }
      }
    },
    "nushell@0.106.1": {
      "last_modified": "2025-07-31T04:07:16Z",
      "resolved": "github:NixOS/nixpkgs/8679b16e11becd487b45d568358ddf9d5640d860#nushell",
      "source": "devbox-search",
      "version": "0.106.1",
      "systems": {
        "aarch64-darwin": {
          "outputs": [
            {
              "name": "out",
              "path": "/nix/store/vs83xcd5w2fp4zbiph6cv2pbdck8q5xr-nushell-0.106.1",
              "default": true
            }
          ],
          "store_path": "/nix/store/vs83xcd5w2fp4zbiph6cv2pbdck8q5xr-nushell-0.106.1"
        },
        "aarch64-linux": {
          "outputs": [
            {
              "name": "out",
              "path": "/nix/store/cq6x30n4i319wxzjxa9smz64i8hr6q0w-nushell-0.106.1",
              "default": true
            }
          ],
          "store_path": "/nix/store/cq6x30n4i319wxzjxa9smz64i8hr6q0w-nushell-0.106.1"
        },
        "x86_64-darwin": {
          "outputs": [
            {
              "name": "out",
              "path": "/nix/store/jqy13fjyrih2x9jfp0hcd2f47c7pfys1-nushell-0.106.1",
              "default": true
            }
          ],
          "store_path": "/nix/store/jqy13fjyrih2x9jfp0hcd2f47c7pfys1-nushell-0.106.1"
        },
        "x86_64-linux": {
          "outputs": [
            {
              "name": "out",
              "path": "/nix/store/pikr2lds8w3shnsq0l1f7aamlmvsi0i3-nushell-0.106.1",
              "default": true
            }
          ],
          "store_path": "/nix/store/pikr2lds8w3shnsq0l1f7aamlmvsi0i3-nushell-0.106.1"
        }
      }
    },
    "teller@2.0.7": {
      "last_modified": "2024-11-16T04:25:12Z",
      "resolved": "github:NixOS/nixpkgs/34a626458d686f1b58139620a8b2793e9e123bba#teller",
      "source": "devbox-search",
      "version": "2.0.7",
      "systems": {
        "aarch64-darwin": {
          "outputs": [
            {
              "name": "out",
              "path": "/nix/store/362vqnhbc0x56ly10j1wxvic0xicv0lr-teller-2.0.7",
              "default": true
            }
          ],
          "store_path": "/nix/store/362vqnhbc0x56ly10j1wxvic0xicv0lr-teller-2.0.7"
        },
        "aarch64-linux": {
          "outputs": [
            {
              "name": "out",
              "path": "/nix/store/wrsh6xgn25b4qq4la4xikrdpqlx04xhn-teller-2.0.7",
              "default": true
            }
          ],
          "store_path": "/nix/store/wrsh6xgn25b4qq4la4xikrdpqlx04xhn-teller-2.0.7"
        },
        "x86_64-darwin": {
          "outputs": [
            {
              "name": "out",
              "path": "/nix/store/cbhghh4a8r2y4j51f470kh660jwypf0i-teller-2.0.7",
              "default": true
            }
          ],
          "store_path": "/nix/store/cbhghh4a8r2y4j51f470kh660jwypf0i-teller-2.0.7"
        },
        "x86_64-linux": {
          "outputs": [
            {
              "name": "out",
              "path": "/nix/store/mzb9i6n7gjb0j8y8fviykfnv0hs9hin3-teller-2.0.7",
              "default": true
            }
          ],
          "store_path": "/nix/store/mzb9i6n7gjb0j8y8fviykfnv0hs9hin3-teller-2.0.7"
        }
      }
    },
    "upbound@0.39.1": {
      "last_modified": "2025-07-04T02:32:11Z",
      "resolved": "github:NixOS/nixpkgs/472908faa934435cf781ae8fac77291af3d137d3#upbound",
      "source": "devbox-search",
      "version": "0.39.1",
      "systems": {
        "aarch64-darwin": {
          "outputs": [
            {
              "name": "out",
              "path": "/nix/store/ivkkh322xhf4ab9l5ficfzdj7kd1919y-upbound-0.39.1",
              "default": true
            }
          ],
          "store_path": "/nix/store/ivkkh322xhf4ab9l5ficfzdj7kd1919y-upbound-0.39.1"
        },
        "aarch64-linux": {
          "outputs": [
            {
              "name": "out",
              "path": "/nix/store/z69jcdabx650rf6qvyx5ik6mnxxapyp7-upbound-0.39.1",
              "default": true
            }
          ],
          "store_path": "/nix/store/z69jcdabx650rf6qvyx5ik6mnxxapyp7-upbound-0.39.1"
        },
        "x86_64-darwin": {
          "outputs": [
            {
              "name": "out",
              "path": "/nix/store/knyq0fmbamgay848gjdfx2fd3iqzfm6x-upbound-0.39.1",
              "default": true
            }
          ],
          "store_path": "/nix/store/knyq0fmbamgay848gjdfx2fd3iqzfm6x-upbound-0.39.1"
        },
        "x86_64-linux": {
          "outputs": [
            {
              "name": "out",
              "path": "/nix/store/xxx1fdcjnk22y212g47hd76z028xbacg-upbound-0.39.1",
              "default": true
            }
          ],
          "store_path": "/nix/store/xxx1fdcjnk22y212g47hd76z028xbacg-upbound-0.39.1"
        }
      }
    },
    "yq-go@4.47.1": {
      "last_modified": "2025-07-24T15:00:16Z",
      "resolved": "github:NixOS/nixpkgs/b74a30dbc0a72e20df07d43109339f780b439291#yq-go",
      "source": "devbox-search",
      "version": "4.47.1",
      "systems": {
        "aarch64-darwin": {
          "outputs": [
            {
              "name": "out",
              "path": "/nix/store/y09kym2wii37mc5czrkkdz5980a31i8r-yq-go-4.47.1",
              "default": true
            }
          ],
          "store_path": "/nix/store/y09kym2wii37mc5czrkkdz5980a31i8r-yq-go-4.47.1"
        },
        "aarch64-linux": {
          "outputs": [
            {
              "name": "out",
              "path": "/nix/store/2xjhxf9cb906ly43dkknk2qmdnni6bqa-yq-go-4.47.1",
              "default": true
            }
          ],
          "store_path": "/nix/store/2xjhxf9cb906ly43dkknk2qmdnni6bqa-yq-go-4.47.1"
        },
        "x86_64-darwin": {
          "outputs": [
            {
              "name": "out",
              "path": "/nix/store/8z6ji5ajya366ai658kq0krcf7k4zmn8-yq-go-4.47.1",
              "default": true
            }
          ],
          "store_path": "/nix/store/8z6ji5ajya366ai658kq0krcf7k4zmn8-yq-go-4.47.1"
        },
        "x86_64-linux": {
          "outputs": [
            {
              "name": "out",
              "path": "/nix/store/c65wzv7rkqsnshmh7fm3np5wfk15sgy2-yq-go-4.47.1",
              "default": true
            }
          ],
          "store_path": "/nix/store/c65wzv7rkqsnshmh7fm3np5wfk15sgy2-yq-go-4.47.1"
        }
      }
    }
  }
}
