{
  "lockfile_version": "1",
  "packages": {
    "bat@0.24.0": {
      "last_modified": "2024-03-08T13:51:52Z",
      "resolved": "github:NixOS/nixpkgs/a343533bccc62400e8a9560423486a3b6c11a23b#bat",
      "source": "devbox-search",
      "version": "0.24.0",
      "systems": {
        "aarch64-darwin": {
          "outputs": [
            {
              "name": "out",
              "path": "/nix/store/5s57aj38mfvrsxq05sq66np7hd4xj6h0-bat-0.24.0",
              "default": true
            }
          ],
          "store_path": "/nix/store/5s57aj38mfvrsxq05sq66np7hd4xj6h0-bat-0.24.0"
        },
        "aarch64-linux": {
          "outputs": [
            {
              "name": "out",
              "path": "/nix/store/38p25xcd47qzjrwl0bd53yqrrmfmn4h4-bat-0.24.0",
              "default": true
            }
          ],
          "store_path": "/nix/store/38p25xcd47qzjrwl0bd53yqrrmfmn4h4-bat-0.24.0"
        },
        "x86_64-darwin": {
          "outputs": [
            {
              "name": "out",
              "path": "/nix/store/9m0yzcaiy23q58s9bl6i0hl4x9lfa938-bat-0.24.0",
              "default": true
            }
          ],
          "store_path": "/nix/store/9m0yzcaiy23q58s9bl6i0hl4x9lfa938-bat-0.24.0"
        },
        "x86_64-linux": {
          "outputs": [
            {
              "name": "out",
              "path": "/nix/store/nd2qinkas2r5q5l9vkwfrixi99ckpxfz-bat-0.24.0",
              "default": true
            }
          ],
          "store_path": "/nix/store/nd2qinkas2r5q5l9vkwfrixi99ckpxfz-bat-0.24.0"
        }
      }
    },
    "crossplane-cli@1.19.0": {
      "last_modified": "2025-02-23T09:42:26Z",
      "resolved": "github:NixOS/nixpkgs/2d068ae5c6516b2d04562de50a58c682540de9bf#crossplane-cli",
      "source": "devbox-search",
      "version": "1.19.0",
      "systems": {
        "aarch64-darwin": {
          "outputs": [
            {
              "name": "out",
              "path": "/nix/store/160rmrbmj3dbwf8vpmsh37sq963grcak-crossplane-cli-1.19.0",
              "default": true
            }
          ],
          "store_path": "/nix/store/160rmrbmj3dbwf8vpmsh37sq963grcak-crossplane-cli-1.19.0"
        },
        "aarch64-linux": {
          "outputs": [
            {
              "name": "out",
              "path": "/nix/store/72lc023ai9fzzp33sbiyaml5nj5d79ky-crossplane-cli-1.19.0",
              "default": true
            }
          ],
          "store_path": "/nix/store/72lc023ai9fzzp33sbiyaml5nj5d79ky-crossplane-cli-1.19.0"
        },
        "x86_64-darwin": {
          "outputs": [
            {
              "name": "out",
              "path": "/nix/store/svf0x12gjx2qrvnb4kz3z02a86s8bj59-crossplane-cli-1.19.0",
              "default": true
            }
          ],
          "store_path": "/nix/store/svf0x12gjx2qrvnb4kz3z02a86s8bj59-crossplane-cli-1.19.0"
        },
        "x86_64-linux": {
          "outputs": [
            {
              "name": "out",
              "path": "/nix/store/5a7dxlqb0lbk37kyqccmdfpylvpik0hm-crossplane-cli-1.19.0",
              "default": true
            }
          ],
          "store_path": "/nix/store/5a7dxlqb0lbk37kyqccmdfpylvpik0hm-crossplane-cli-1.19.0"
        }
      }
    },
    "gh@2.69.0": {
      "last_modified": "2025-03-20T07:39:01Z",
      "resolved": "github:NixOS/nixpkgs/7344a3b78128f7b1765dba89060b015fb75431a7#gh",
      "source": "devbox-search",
      "version": "2.69.0",
      "systems": {
        "aarch64-darwin": {
          "outputs": [
            {
              "name": "out",
              "path": "/nix/store/6s2865gwdm3hgcds6a3r3nyqwclj80nx-gh-2.69.0",
              "default": true
            }
          ],
          "store_path": "/nix/store/6s2865gwdm3hgcds6a3r3nyqwclj80nx-gh-2.69.0"
        },
        "aarch64-linux": {
          "outputs": [
            {
              "name": "out",
              "path": "/nix/store/j3p8s8lqhqqc6kg3w8khcgnfh9isf4py-gh-2.69.0",
              "default": true
            }
          ],
          "store_path": "/nix/store/j3p8s8lqhqqc6kg3w8khcgnfh9isf4py-gh-2.69.0"
        },
        "x86_64-darwin": {
          "outputs": [
            {
              "name": "out",
              "path": "/nix/store/1nk3pd01m0mqgssimdzps9c3qvw76yj4-gh-2.69.0",
              "default": true
            }
          ],
          "store_path": "/nix/store/1nk3pd01m0mqgssimdzps9c3qvw76yj4-gh-2.69.0"
        },
        "x86_64-linux": {
          "outputs": [
            {
              "name": "out",
              "path": "/nix/store/31kf4bsi4cwm60p6v2cpfagd2qrvmflr-gh-2.69.0",
              "default": true
            }
          ],
          "store_path": "/nix/store/31kf4bsi4cwm60p6v2cpfagd2qrvmflr-gh-2.69.0"
        }
      }
    },
    "git@2.48.1": {
      "last_modified": "2025-02-23T09:42:26Z",
      "resolved": "github:NixOS/nixpkgs/2d068ae5c6516b2d04562de50a58c682540de9bf#git",
      "source": "devbox-search",
      "version": "2.48.1",
      "systems": {
        "aarch64-darwin": {
          "outputs": [
            {
              "name": "out",
              "path": "/nix/store/48bd3kx9xl36ixnzax9chik2y2l7lx9m-git-2.48.1",
              "default": true
            },
            {
              "name": "doc",
              "path": "/nix/store/7clrn7z9dxxl1n9hy2vy5nrk58mrb258-git-2.48.1-doc"
            }
          ],
          "store_path": "/nix/store/48bd3kx9xl36ixnzax9chik2y2l7lx9m-git-2.48.1"
        },
        "aarch64-linux": {
          "outputs": [
            {
              "name": "out",
              "path": "/nix/store/4rfdh67qx08marb8kwl8pk98pkwl8kiv-git-2.48.1",
              "default": true
            },
            {
              "name": "debug",
              "path": "/nix/store/yf283fv2zlaaaszdcfazbz1rg6d6f18q-git-2.48.1-debug"
            },
            {
              "name": "doc",
              "path": "/nix/store/c9hzqmbywb0basggdaylpc0j3r8j0dxs-git-2.48.1-doc"
            }
          ],
          "store_path": "/nix/store/4rfdh67qx08marb8kwl8pk98pkwl8kiv-git-2.48.1"
        },
        "x86_64-darwin": {
          "outputs": [
            {
              "name": "out",
              "path": "/nix/store/siawz69ch5kb1k1vaak8gbm6w5zmkbz6-git-2.48.1",
              "default": true
            },
            {
              "name": "doc",
              "path": "/nix/store/50346pq535sxngx9r0q1rf1bh0v01pyv-git-2.48.1-doc"
            }
          ],
          "store_path": "/nix/store/siawz69ch5kb1k1vaak8gbm6w5zmkbz6-git-2.48.1"
        },
        "x86_64-linux": {
          "outputs": [
            {
              "name": "out",
              "path": "/nix/store/nj1na0qwqhpd128vr71p70hz9jyhnz5x-git-2.48.1",
              "default": true
            },
            {
              "name": "debug",
              "path": "/nix/store/7gz9ywl4jw0clbbghaii5xgdivxsdgk3-git-2.48.1-debug"
            },
            {
              "name": "doc",
              "path": "/nix/store/2g2q2z1rkc9lgy1ib2a5cgl9mrzhqbla-git-2.48.1-doc"
            }
          ],
          "store_path": "/nix/store/nj1na0qwqhpd128vr71p70hz9jyhnz5x-git-2.48.1"
        }
      }
    },
    "github:NixOS/nixpkgs/nixpkgs-unstable": {
      "resolved": "github:NixOS/nixpkgs/1128e89fd5e11bb25aedbfc287733c6502202ea9?lastModified=1739451785&narHash=sha256-3ebRdThRic9bHMuNi2IAA%2Fek9b32bsy8F5R4SvGTIog%3D"
    },
    "go-task@3.41.0": {
      "last_modified": "2025-01-19T08:16:51Z",
      "resolved": "github:NixOS/nixpkgs/50165c4f7eb48ce82bd063e1fb8047a0f515f8ce#go-task",
      "source": "devbox-search",
      "version": "3.41.0",
      "systems": {
        "aarch64-darwin": {
          "outputs": [
            {
              "name": "out",
              "path": "/nix/store/v4vvksxrgyxdyhb1hvvap5sqp4ycl7xv-go-task-3.41.0",
              "default": true
            }
          ],
          "store_path": "/nix/store/v4vvksxrgyxdyhb1hvvap5sqp4ycl7xv-go-task-3.41.0"
        },
        "aarch64-linux": {
          "outputs": [
            {
              "name": "out",
              "path": "/nix/store/iq7vnz78z8ff1px700ra1j4iinfsvhjg-go-task-3.41.0",
              "default": true
            }
          ],
          "store_path": "/nix/store/iq7vnz78z8ff1px700ra1j4iinfsvhjg-go-task-3.41.0"
        },
        "x86_64-darwin": {
          "outputs": [
            {
              "name": "out",
              "path": "/nix/store/bf1zwbad0cqwhpcjylynpx18c8ylm6nx-go-task-3.41.0",
              "default": true
            }
          ],
          "store_path": "/nix/store/bf1zwbad0cqwhpcjylynpx18c8ylm6nx-go-task-3.41.0"
        },
        "x86_64-linux": {
          "outputs": [
            {
              "name": "out",
              "path": "/nix/store/cbz45j0wbsp929rd8381ifbiqxy7jp71-go-task-3.41.0",
              "default": true
            }
          ],
          "store_path": "/nix/store/cbz45j0wbsp929rd8381ifbiqxy7jp71-go-task-3.41.0"
        }
      }
    },
    "kcl-cli@0.8.9": {
      "last_modified": "2024-06-12T20:55:33Z",
      "resolved": "github:NixOS/nixpkgs/a9858885e197f984d92d7fe64e9fff6b2e488d40#kcl-cli",
      "source": "devbox-search",
      "version": "0.8.9",
      "systems": {
        "aarch64-darwin": {
          "outputs": [
            {
              "name": "out",
              "path": "/nix/store/ry8c4a6x9nbbsmaj2lj1irlgmcs7smdl-kcl-cli-0.8.9",
              "default": true
            }
          ],
          "store_path": "/nix/store/ry8c4a6x9nbbsmaj2lj1irlgmcs7smdl-kcl-cli-0.8.9"
        },
        "aarch64-linux": {
          "outputs": [
            {
              "name": "out",
              "path": "/nix/store/58ifnm27y99m1w0rgpzmhrbcmxndk523-kcl-cli-0.8.9",
              "default": true
            }
          ],
          "store_path": "/nix/store/58ifnm27y99m1w0rgpzmhrbcmxndk523-kcl-cli-0.8.9"
        },
        "x86_64-darwin": {
          "outputs": [
            {
              "name": "out",
              "path": "/nix/store/2pkcszc6208v05wl3q3l00mkv4am7v2l-kcl-cli-0.8.9",
              "default": true
            }
          ],
          "store_path": "/nix/store/2pkcszc6208v05wl3q3l00mkv4am7v2l-kcl-cli-0.8.9"
        },
        "x86_64-linux": {
          "outputs": [
            {
              "name": "out",
              "path": "/nix/store/dvj111276zx6mimvcpfars11gwq071nl-kcl-cli-0.8.9",
              "default": true
            }
          ],
          "store_path": "/nix/store/dvj111276zx6mimvcpfars11gwq071nl-kcl-cli-0.8.9"
        }
      }
    },
    "kind@0.27.0": {
      "last_modified": "2025-02-17T23:19:04Z",
      "resolved": "github:NixOS/nixpkgs/f0295845e58ada369322524631821b01c0db13a7#kind",
      "source": "devbox-search",
      "version": "0.27.0",
      "systems": {
        "aarch64-darwin": {
          "outputs": [
            {
              "name": "out",
              "path": "/nix/store/fmh9mwr6mv8lpks10csrl97gm3rh0jh2-kind-0.27.0",
              "default": true
            }
          ],
          "store_path": "/nix/store/fmh9mwr6mv8lpks10csrl97gm3rh0jh2-kind-0.27.0"
        },
        "aarch64-linux": {
          "outputs": [
            {
              "name": "out",
              "path": "/nix/store/i1jrn83fzdm2xr9wcn79jygisq3qaakw-kind-0.27.0",
              "default": true
            }
          ],
          "store_path": "/nix/store/i1jrn83fzdm2xr9wcn79jygisq3qaakw-kind-0.27.0"
        },
        "x86_64-darwin": {
          "outputs": [
            {
              "name": "out",
              "path": "/nix/store/qi782468mbssz4nvb13p258as6dc1ymp-kind-0.27.0",
              "default": true
            }
          ],
          "store_path": "/nix/store/qi782468mbssz4nvb13p258as6dc1ymp-kind-0.27.0"
        },
        "x86_64-linux": {
          "outputs": [
            {
              "name": "out",
              "path": "/nix/store/9vbbi6g46px48k0kq1gpz069a9aw4fmz-kind-0.27.0",
              "default": true
            }
          ],
          "store_path": "/nix/store/9vbbi6g46px48k0kq1gpz069a9aw4fmz-kind-0.27.0"
        }
      }
    },
    "kubectl@1.32.3": {
      "last_modified": "2025-03-22T01:19:59Z",
      "resolved": "github:NixOS/nixpkgs/0740f6f238767d4caf9afe774d3e88105766dfc6#kubectl",
      "source": "devbox-search",
      "version": "1.32.3",
      "systems": {
        "aarch64-darwin": {
          "outputs": [
            {
              "name": "out",
              "path": "/nix/store/7b2rpxkv6v4a29bk9dp4gqs57zhf9v9p-kubectl-1.32.3",
              "default": true
            },
            {
              "name": "man",
              "path": "/nix/store/rm3753bbn2kxmwyxy7rir8z80g71lrrx-kubectl-1.32.3-man",
              "default": true
            },
            {
              "name": "convert",
              "path": "/nix/store/fi6g9qi63p7ivvz3qsipfaxmym7qi623-kubectl-1.32.3-convert"
            }
          ],
          "store_path": "/nix/store/7b2rpxkv6v4a29bk9dp4gqs57zhf9v9p-kubectl-1.32.3"
        },
        "aarch64-linux": {
          "outputs": [
            {
              "name": "out",
              "path": "/nix/store/xxngczzyxq22m1i8pc9a57w16kzir33f-kubectl-1.32.3",
              "default": true
            },
            {
              "name": "man",
              "path": "/nix/store/n547iajzrqypmy89s5j2iyrdjn56fd5v-kubectl-1.32.3-man",
              "default": true
            },
            {
              "name": "convert",
              "path": "/nix/store/0frwvbmd2zxx2n1s7vw15cbdj7iw95js-kubectl-1.32.3-convert"
            }
          ],
          "store_path": "/nix/store/xxngczzyxq22m1i8pc9a57w16kzir33f-kubectl-1.32.3"
        },
        "x86_64-darwin": {
          "outputs": [
            {
              "name": "out",
              "path": "/nix/store/95lpgw52n8x18ams6bz9nm68sml870rs-kubectl-1.32.3",
              "default": true
            },
            {
              "name": "man",
              "path": "/nix/store/3ilj3sca004bmzi0kp2lwihbqb2j2j2l-kubectl-1.32.3-man",
              "default": true
            },
            {
              "name": "convert",
              "path": "/nix/store/k2wr9b02pgyj7r5fz959vxys2w3s4j5v-kubectl-1.32.3-convert"
            }
          ],
          "store_path": "/nix/store/95lpgw52n8x18ams6bz9nm68sml870rs-kubectl-1.32.3"
        },
        "x86_64-linux": {
          "outputs": [
            {
              "name": "out",
              "path": "/nix/store/fjcd0hsivc5h56ndpg357i3rwvygxr7i-kubectl-1.32.3",
              "default": true
            },
            {
              "name": "man",
              "path": "/nix/store/ly41y2ja108cp9jpqc77s2sayvbahliw-kubectl-1.32.3-man",
              "default": true
            },
            {
              "name": "convert",
              "path": "/nix/store/1ph5mjp12w3snxc2clc24akc5mwlzb47-kubectl-1.32.3-convert"
            }
          ],
          "store_path": "/nix/store/fjcd0hsivc5h56ndpg357i3rwvygxr7i-kubectl-1.32.3"
        }
      }
    },
    "kubernetes-helm@3.17.2": {
      "last_modified": "2025-03-16T16:17:41Z",
      "resolved": "github:NixOS/nixpkgs/8f76cf16b17c51ae0cc8e55488069593f6dab645#kubernetes-helm",
      "source": "devbox-search",
      "version": "3.17.2",
      "systems": {
        "aarch64-darwin": {
          "outputs": [
            {
              "name": "out",
              "path": "/nix/store/brc3q5prx53ip89csfg37g9ydwwgfd1p-kubernetes-helm-3.17.2",
              "default": true
            }
          ],
          "store_path": "/nix/store/brc3q5prx53ip89csfg37g9ydwwgfd1p-kubernetes-helm-3.17.2"
        },
        "aarch64-linux": {
          "outputs": [
            {
              "name": "out",
              "path": "/nix/store/xrgs4la1szz3f3kf7w9g21wzp30mdfy2-kubernetes-helm-3.17.2",
              "default": true
            }
          ],
          "store_path": "/nix/store/xrgs4la1szz3f3kf7w9g21wzp30mdfy2-kubernetes-helm-3.17.2"
        },
        "x86_64-darwin": {
          "outputs": [
            {
              "name": "out",
              "path": "/nix/store/r10crkfz1nfn5yq18670jbsbjf09l4fg-kubernetes-helm-3.17.2",
              "default": true
            }
          ],
          "store_path": "/nix/store/r10crkfz1nfn5yq18670jbsbjf09l4fg-kubernetes-helm-3.17.2"
        },
        "x86_64-linux": {
          "outputs": [
            {
              "name": "out",
              "path": "/nix/store/0lhjm5b1k49rsirsrvsqasbrv1im6w6j-kubernetes-helm-3.17.2",
              "default": true
            }
          ],
          "store_path": "/nix/store/0lhjm5b1k49rsirsrvsqasbrv1im6w6j-kubernetes-helm-3.17.2"
        }
      }
    },
    "kyverno-chainsaw@0.2.12": {
      "last_modified": "2025-01-19T08:16:51Z",
      "resolved": "github:NixOS/nixpkgs/50165c4f7eb48ce82bd063e1fb8047a0f515f8ce#kyverno-chainsaw",
      "source": "devbox-search",
      "version": "0.2.12",
      "systems": {
        "aarch64-darwin": {
          "outputs": [
            {
              "name": "out",
              "path": "/nix/store/v1vh5z91ypsyyb0abh5rqxd5hidhyj0f-kyverno-chainsaw-0.2.12",
              "default": true
            }
          ],
          "store_path": "/nix/store/v1vh5z91ypsyyb0abh5rqxd5hidhyj0f-kyverno-chainsaw-0.2.12"
        },
        "aarch64-linux": {
          "outputs": [
            {
              "name": "out",
              "path": "/nix/store/8jmh6faqwbx5g2wyj8czvl5n14gfpxx9-kyverno-chainsaw-0.2.12",
              "default": true
            }
          ],
          "store_path": "/nix/store/8jmh6faqwbx5g2wyj8czvl5n14gfpxx9-kyverno-chainsaw-0.2.12"
        },
        "x86_64-darwin": {
          "outputs": [
            {
              "name": "out",
              "path": "/nix/store/mfi7c8ky8kwy1pj37hpamkwr2m6px461-kyverno-chainsaw-0.2.12",
              "default": true
            }
          ],
          "store_path": "/nix/store/mfi7c8ky8kwy1pj37hpamkwr2m6px461-kyverno-chainsaw-0.2.12"
        },
        "x86_64-linux": {
          "outputs": [
            {
              "name": "out",
              "path": "/nix/store/q9znv398daff24b5hr7x5qgx9iyf6ip8-kyverno-chainsaw-0.2.12",
              "default": true
            }
          ],
          "store_path": "/nix/store/q9znv398daff24b5hr7x5qgx9iyf6ip8-kyverno-chainsaw-0.2.12"
        }
      }
    },
    "teller@2.0.7": {
      "last_modified": "2024-11-16T04:25:12Z",
      "resolved": "github:NixOS/nixpkgs/34a626458d686f1b58139620a8b2793e9e123bba#teller",
      "source": "devbox-search",
      "version": "2.0.7",
      "systems": {
        "aarch64-darwin": {
          "outputs": [
            {
              "name": "out",
              "path": "/nix/store/362vqnhbc0x56ly10j1wxvic0xicv0lr-teller-2.0.7",
              "default": true
            }
          ],
          "store_path": "/nix/store/362vqnhbc0x56ly10j1wxvic0xicv0lr-teller-2.0.7"
        },
        "aarch64-linux": {
          "outputs": [
            {
              "name": "out",
              "path": "/nix/store/wrsh6xgn25b4qq4la4xikrdpqlx04xhn-teller-2.0.7",
              "default": true
            }
          ],
          "store_path": "/nix/store/wrsh6xgn25b4qq4la4xikrdpqlx04xhn-teller-2.0.7"
        },
        "x86_64-darwin": {
          "outputs": [
            {
              "name": "out",
              "path": "/nix/store/cbhghh4a8r2y4j51f470kh660jwypf0i-teller-2.0.7",
              "default": true
            }
          ],
          "store_path": "/nix/store/cbhghh4a8r2y4j51f470kh660jwypf0i-teller-2.0.7"
        },
        "x86_64-linux": {
          "outputs": [
            {
              "name": "out",
              "path": "/nix/store/mzb9i6n7gjb0j8y8fviykfnv0hs9hin3-teller-2.0.7",
              "default": true
            }
          ],
          "store_path": "/nix/store/mzb9i6n7gjb0j8y8fviykfnv0hs9hin3-teller-2.0.7"
        }
      }
    },
    "upbound@0.38.4": {
      "last_modified": "2025-03-27T11:50:31Z",
      "resolved": "github:NixOS/nixpkgs/6c5963357f3c1c840201eda129a99d455074db04#upbound",
      "source": "devbox-search",
      "version": "0.38.4",
      "systems": {
        "aarch64-darwin": {
          "outputs": [
            {
              "name": "out",
              "path": "/nix/store/cy0p7dlisi6q932di339brziwhyxxzv6-upbound-0.38.4",
              "default": true
            }
          ],
          "store_path": "/nix/store/cy0p7dlisi6q932di339brziwhyxxzv6-upbound-0.38.4"
        },
        "aarch64-linux": {
          "outputs": [
            {
              "name": "out",
              "path": "/nix/store/cwnjrkwincchyq5n0235hca79fgw90ry-upbound-0.38.4",
              "default": true
            }
          ],
          "store_path": "/nix/store/cwnjrkwincchyq5n0235hca79fgw90ry-upbound-0.38.4"
        },
        "x86_64-darwin": {
          "outputs": [
            {
              "name": "out",
              "path": "/nix/store/3r3rxyc8117glr0r5pz6lqn7wq025mrp-upbound-0.38.4",
              "default": true
            }
          ],
          "store_path": "/nix/store/3r3rxyc8117glr0r5pz6lqn7wq025mrp-upbound-0.38.4"
        },
        "x86_64-linux": {
          "outputs": [
            {
              "name": "out",
              "path": "/nix/store/mr9w1rm8hn78jww1l2sk6m9gndss9q1a-upbound-0.38.4",
              "default": true
            }
          ],
          "store_path": "/nix/store/mr9w1rm8hn78jww1l2sk6m9gndss9q1a-upbound-0.38.4"
        }
      }
    },
    "yq-go@4.45.1": {
      "last_modified": "2025-01-19T08:16:51Z",
      "resolved": "github:NixOS/nixpkgs/50165c4f7eb48ce82bd063e1fb8047a0f515f8ce#yq-go",
      "source": "devbox-search",
      "version": "4.45.1",
      "systems": {
        "aarch64-darwin": {
          "outputs": [
            {
              "name": "out",
              "path": "/nix/store/2g34102lnfgsr7n2g2fm11r945lxmxgx-yq-go-4.45.1",
              "default": true
            }
          ],
          "store_path": "/nix/store/2g34102lnfgsr7n2g2fm11r945lxmxgx-yq-go-4.45.1"
        },
        "aarch64-linux": {
          "outputs": [
            {
              "name": "out",
              "path": "/nix/store/nsl4sm3zc4hl16l8zvcrnpw0kqkp21xh-yq-go-4.45.1",
              "default": true
            }
          ],
          "store_path": "/nix/store/nsl4sm3zc4hl16l8zvcrnpw0kqkp21xh-yq-go-4.45.1"
        },
        "x86_64-darwin": {
          "outputs": [
            {
              "name": "out",
              "path": "/nix/store/5v8g3w5ggravlps5qw49scidhk15dxgq-yq-go-4.45.1",
              "default": true
            }
          ],
          "store_path": "/nix/store/5v8g3w5ggravlps5qw49scidhk15dxgq-yq-go-4.45.1"
        },
        "x86_64-linux": {
          "outputs": [
            {
              "name": "out",
              "path": "/nix/store/0zcjg419anbc1g2ccry71k14wi4j8nsp-yq-go-4.45.1",
              "default": true
            }
          ],
          "store_path": "/nix/store/0zcjg419anbc1g2ccry71k14wi4j8nsp-yq-go-4.45.1"
        }
      }
    }
  }
}
